
Microsoft Visual Studio Solution File, Format Version 12.00
# Visual Studio 15
VisualStudioVersion = 15.0.26403.0
MinimumVisualStudioVersion = 10.0.40219.1
Project("{9A19103F-16F7-4668-BE54-9A1E7A4F7556}") = "Parquet", "Parquet\Parquet.csproj", "{A0507D42-940E-4EF9-BD33-46BB6561A2F5}"
EndProject
Project("{2150E333-8FDC-42A3-9474-1A3956D46DE8}") = "doc", "doc", "{C2CC1962-DE4B-4489-9EE7-C609A2C1BFBB}"
	ProjectSection(SolutionItems) = preProject
		..\doc\contributing.md = ..\doc\contributing.md
		..\README.md = ..\README.md
	EndProjectSection
EndProject
Project("{9A19103F-16F7-4668-BE54-9A1E7A4F7556}") = "Parquet.Test", "Parquet.Test\Parquet.Test.csproj", "{8B0A6566-6722-4550-8EF2-1D91DF188F9B}"
EndProject
Project("{2150E333-8FDC-42A3-9474-1A3956D46DE8}") = "scripts", "scripts", "{9B670DE1-D2C6-4F18-81C8-EC0E6A583E53}"
	ProjectSection(SolutionItems) = preProject
		..\scripts\thriftgen.ps1 = ..\scripts\thriftgen.ps1
	EndProjectSection
EndProject
Project("{2150E333-8FDC-42A3-9474-1A3956D46DE8}") = "Solution Items", "Solution Items", "{60294E19-6F8D-4D78-9A62-C50489095484}"
	ProjectSection(SolutionItems) = preProject
		..\build.ps1 = ..\build.ps1
		PreCommit.ps1 = PreCommit.ps1
	EndProjectSection
EndProject
Project("{2150E333-8FDC-42A3-9474-1A3956D46DE8}") = "tools", "tools", "{77D1B95E-D2FD-4C41-9458-3A5DAC7C77E9}"
EndProject
Project("{FAE04EC0-301F-11D3-BF4B-00C04F79EFBC}") = "parq", "parq\parq.csproj", "{D8B93026-36CE-4CBB-8260-7821239108E2}"
EndProject
Global
	GlobalSection(SolutionConfigurationPlatforms) = preSolution
		Debug|Any CPU = Debug|Any CPU
		Release|Any CPU = Release|Any CPU
	EndGlobalSection
	GlobalSection(ProjectConfigurationPlatforms) = postSolution
		{A0507D42-940E-4EF9-BD33-46BB6561A2F5}.Debug|Any CPU.ActiveCfg = Debug|Any CPU
		{A0507D42-940E-4EF9-BD33-46BB6561A2F5}.Debug|Any CPU.Build.0 = Debug|Any CPU
		{A0507D42-940E-4EF9-BD33-46BB6561A2F5}.Release|Any CPU.ActiveCfg = Release|Any CPU
		{A0507D42-940E-4EF9-BD33-46BB6561A2F5}.Release|Any CPU.Build.0 = Release|Any CPU
		{8B0A6566-6722-4550-8EF2-1D91DF188F9B}.Debug|Any CPU.ActiveCfg = Debug|Any CPU
		{8B0A6566-6722-4550-8EF2-1D91DF188F9B}.Debug|Any CPU.Build.0 = Debug|Any CPU
		{8B0A6566-6722-4550-8EF2-1D91DF188F9B}.Release|Any CPU.ActiveCfg = Release|Any CPU
		{8B0A6566-6722-4550-8EF2-1D91DF188F9B}.Release|Any CPU.Build.0 = Release|Any CPU
		{D8B93026-36CE-4CBB-8260-7821239108E2}.Debug|Any CPU.ActiveCfg = Debug|Any CPU
		{D8B93026-36CE-4CBB-8260-7821239108E2}.Debug|Any CPU.Build.0 = Debug|Any CPU
		{D8B93026-36CE-4CBB-8260-7821239108E2}.Release|Any CPU.ActiveCfg = Release|Any CPU
		{D8B93026-36CE-4CBB-8260-7821239108E2}.Release|Any CPU.Build.0 = Release|Any CPU
	EndGlobalSection
	GlobalSection(SolutionProperties) = preSolution
		HideSolutionNode = FALSE
	EndGlobalSection
	GlobalSection(NestedProjects) = preSolution
		{D8B93026-36CE-4CBB-8260-7821239108E2} = {77D1B95E-D2FD-4C41-9458-3A5DAC7C77E9}
	EndGlobalSection
EndGlobal
