
Microsoft Visual Studio Solution File, Format Version 12.00
# Visual Studio Version 17
VisualStudioVersion = 17.0.32002.185
MinimumVisualStudioVersion = 10.0.40219.1
Project("{9A19103F-16F7-4668-BE54-9A1E7A4F7556}") = "Parquet", "Parquet\Parquet.csproj", "{A0507D42-940E-4EF9-BD33-46BB6561A2F5}"
EndProject
Project("{9A19103F-16F7-4668-BE54-9A1E7A4F7556}") = "Parquet.Test", "Parquet.Test\Parquet.Test.csproj", "{8B0A6566-6722-4550-8EF2-1D91DF188F9B}"
EndProject
Project("{2150E333-8FDC-42A3-9474-1A3956D46DE8}") = "scripts", "scripts", "{9B670DE1-D2C6-4F18-81C8-EC0E6A583E53}"
	ProjectSection(SolutionItems) = preProject
		..\scripts\thriftgen.ps1 = ..\scripts\thriftgen.ps1
	EndProjectSection
EndProject
Project("{2150E333-8FDC-42A3-9474-1A3956D46DE8}") = "Solution Items", "Solution Items", "{60294E19-6F8D-4D78-9A62-C50489095484}"
	ProjectSection(SolutionItems) = preProject
		..\.editorconfig = ..\.editorconfig
		..\docs\README.md = ..\docs\README.md
	EndProjectSection
EndProject
Project("{2150E333-8FDC-42A3-9474-1A3956D46DE8}") = "test", "test", "{3F47B841-9074-4317-8ACA-0F2EEA34FA62}"
EndProject
Project("{2150E333-8FDC-42A3-9474-1A3956D46DE8}") = ".github", ".github", "{AB829BBB-EF87-4038-8D32-E1C1629F357C}"
	ProjectSection(SolutionItems) = preProject
		..\.github\CONTRIBUTING.md = ..\.github\CONTRIBUTING.md
	EndProjectSection
EndProject
Project("{2150E333-8FDC-42A3-9474-1A3956D46DE8}") = "workflows", "workflows", "{F28C5308-5410-4066-9DA8-4DDC8ACB0B5B}"
	ProjectSection(SolutionItems) = preProject
		..\.github\workflows\build.yml = ..\.github\workflows\build.yml
	EndProjectSection
EndProject
Project("{9A19103F-16F7-4668-BE54-9A1E7A4F7556}") = "Parquet.PerfRunner", "Parquet.PerfRunner\Parquet.PerfRunner.csproj", "{6325A9B7-32B4-464C-84F4-9B62BE630E90}"
EndProject
Project("{9A19103F-16F7-4668-BE54-9A1E7A4F7556}") = "Parquet.Floor", "Parquet.Floor\Parquet.Floor.csproj", "{882BE8ED-7F5F-4392-8884-CF602622E569}"
EndProject
Project("{2150E333-8FDC-42A3-9474-1A3956D46DE8}") = "rn", "rn", "{EE4ECD1F-5A44-4FC7-BC73-930AFB15D372}"
	ProjectSection(SolutionItems) = preProject
		..\docs\rn\5.0.2.md = ..\docs\rn\5.0.2.md
		..\docs\rn\5.1.1.md = ..\docs\rn\5.1.1.md
		..\docs\rn\previous.md = ..\docs\rn\previous.md
		..\docs\rn\5.1.0.md = ..\docs\rn\5.1.0.md
	EndProjectSection
EndProject
Project("{FAE04EC0-301F-11D3-BF4B-00C04F79EFBC}") = "Parquet.Data.Analysis", "Parquet.Data.Analysis\Parquet.Data.Analysis.csproj", "{B7D4F7F8-4E90-4BC1-8CCB-98434ABFA491}"
EndProject
Global
	GlobalSection(SolutionConfigurationPlatforms) = preSolution
		Debug|Any CPU = Debug|Any CPU
		Release|Any CPU = Release|Any CPU
	EndGlobalSection
	GlobalSection(ProjectConfigurationPlatforms) = postSolution
		{A0507D42-940E-4EF9-BD33-46BB6561A2F5}.Debug|Any CPU.ActiveCfg = Debug|Any CPU
		{A0507D42-940E-4EF9-BD33-46BB6561A2F5}.Debug|Any CPU.Build.0 = Debug|Any CPU
		{A0507D42-940E-4EF9-BD33-46BB6561A2F5}.Release|Any CPU.ActiveCfg = Release|Any CPU
		{A0507D42-940E-4EF9-BD33-46BB6561A2F5}.Release|Any CPU.Build.0 = Release|Any CPU
		{8B0A6566-6722-4550-8EF2-1D91DF188F9B}.Debug|Any CPU.ActiveCfg = Debug|Any CPU
		{8B0A6566-6722-4550-8EF2-1D91DF188F9B}.Debug|Any CPU.Build.0 = Debug|Any CPU
		{8B0A6566-6722-4550-8EF2-1D91DF188F9B}.Release|Any CPU.ActiveCfg = Release|Any CPU
		{8B0A6566-6722-4550-8EF2-1D91DF188F9B}.Release|Any CPU.Build.0 = Release|Any CPU
		{6325A9B7-32B4-464C-84F4-9B62BE630E90}.Debug|Any CPU.ActiveCfg = Debug|Any CPU
		{6325A9B7-32B4-464C-84F4-9B62BE630E90}.Debug|Any CPU.Build.0 = Debug|Any CPU
		{6325A9B7-32B4-464C-84F4-9B62BE630E90}.Release|Any CPU.ActiveCfg = Release|Any CPU
		{6325A9B7-32B4-464C-84F4-9B62BE630E90}.Release|Any CPU.Build.0 = Release|Any CPU
		{882BE8ED-7F5F-4392-8884-CF602622E569}.Debug|Any CPU.ActiveCfg = Debug|Any CPU
		{882BE8ED-7F5F-4392-8884-CF602622E569}.Debug|Any CPU.Build.0 = Debug|Any CPU
		{882BE8ED-7F5F-4392-8884-CF602622E569}.Release|Any CPU.ActiveCfg = Release|Any CPU
		{882BE8ED-7F5F-4392-8884-CF602622E569}.Release|Any CPU.Build.0 = Release|Any CPU
		{B7D4F7F8-4E90-4BC1-8CCB-98434ABFA491}.Debug|Any CPU.ActiveCfg = Debug|Any CPU
		{B7D4F7F8-4E90-4BC1-8CCB-98434ABFA491}.Debug|Any CPU.Build.0 = Debug|Any CPU
		{B7D4F7F8-4E90-4BC1-8CCB-98434ABFA491}.Release|Any CPU.ActiveCfg = Release|Any CPU
		{B7D4F7F8-4E90-4BC1-8CCB-98434ABFA491}.Release|Any CPU.Build.0 = Release|Any CPU
	EndGlobalSection
	GlobalSection(SolutionProperties) = preSolution
		HideSolutionNode = FALSE
	EndGlobalSection
	GlobalSection(NestedProjects) = preSolution
		{8B0A6566-6722-4550-8EF2-1D91DF188F9B} = {3F47B841-9074-4317-8ACA-0F2EEA34FA62}
		{AB829BBB-EF87-4038-8D32-E1C1629F357C} = {60294E19-6F8D-4D78-9A62-C50489095484}
		{F28C5308-5410-4066-9DA8-4DDC8ACB0B5B} = {AB829BBB-EF87-4038-8D32-E1C1629F357C}
		{6325A9B7-32B4-464C-84F4-9B62BE630E90} = {3F47B841-9074-4317-8ACA-0F2EEA34FA62}
		{EE4ECD1F-5A44-4FC7-BC73-930AFB15D372} = {60294E19-6F8D-4D78-9A62-C50489095484}
	EndGlobalSection
	GlobalSection(ExtensibilityGlobals) = postSolution
		SolutionGuid = {B5C12140-A3BF-47C9-A4AD-91F7C4682804}
	EndGlobalSection
	GlobalSection(Performance) = preSolution
		HasPerformanceSessions = true
	EndGlobalSection
	GlobalSection(Performance) = preSolution
		HasPerformanceSessions = true
	EndGlobalSection
	GlobalSection(Performance) = preSolution
		HasPerformanceSessions = true
	EndGlobalSection
	GlobalSection(Performance) = preSolution
		HasPerformanceSessions = true
	EndGlobalSection
	GlobalSection(Performance) = preSolution
		HasPerformanceSessions = true
	EndGlobalSection
	GlobalSection(Performance) = preSolution
		HasPerformanceSessions = true
	EndGlobalSection
	GlobalSection(Performance) = preSolution
		HasPerformanceSessions = true
	EndGlobalSection
	GlobalSection(Performance) = preSolution
		HasPerformanceSessions = true
	EndGlobalSection
	GlobalSection(Performance) = preSolution
		HasPerformanceSessions = true
	EndGlobalSection
EndGlobal
